{
  "version": 4,
  "terraform_version": "0.12.4",
  "serial": 31,
  "lineage": "c32e2fd8-f476-9696-75fe-500518274927",
  "outputs": {},
  "resources": [
    {
      "mode": "managed",
      "type": "openstack_compute_instance_v2",
      "name": "test",
      "provider": "provider.openstack",
      "instances": [
        {
          "schema_version": 0,
          "attributes": {
            "access_ip_v4": "192.168.0.139",
            "access_ip_v6": "",
            "admin_pass": null,
            "all_metadata": {},
            "availability_zone": "nova",
            "block_device": [],
            "config_drive": null,
            "flavor_id": "1",
            "flavor_name": "m1.tiny",
            "floating_ip": null,
            "force_delete": false,
            "id": "21b09bfa-c16d-41a8-a073-c21cd04db8b4",
            "image_id": "c2fe89f8-77d9-4853-91c8-72ed6bcb0942",
            "image_name": "cirrOS",
            "key_pair": "my-key-terraform",
            "metadata": null,
            "name": "test-vm",
            "network": [
              {
                "access_network": false,
                "fixed_ip_v4": "192.168.0.139",
                "fixed_ip_v6": "",
                "floating_ip": "",
                "mac": "fa:16:3e:41:9d:68",
                "name": "external2-shared",
                "port": "",
                "uuid": "eea6d424-b93f-43bd-8fa2-77cfa9a8c448"
              }
            ],
            "personality": [],
            "power_state": "active",
            "region": "RegionOne",
            "scheduler_hints": [],
            "security_groups": [
              "default"
            ],
            "stop_before_destroy": false,
            "timeouts": null,
            "user_data": null,
            "vendor_options": [],
            "volume": []
          },
          "private": "eyJlMmJmYjczMC1lY2FhLTExZTYtOGY4OC0zNDM2M2JjN2M0YzAiOnsiY3JlYXRlIjoxODAwMDAwMDAwMDAwLCJkZWxldGUiOjE4MDAwMDAwMDAwMDAsInVwZGF0ZSI6MTgwMDAwMDAwMDAwMH19",
          "depends_on": [
            "openstack_compute_keypair_v2.my-cloud-key"
          ]
        }
      ]
    },
    {
      "mode": "managed",
      "type": "openstack_compute_keypair_v2",
      "name": "my-cloud-key",
      "provider": "provider.openstack",
      "instances": [
        {
          "schema_version": 0,
          "attributes": {
            "fingerprint": "a5:23:65:9c:01:2e:49:ee:b1:d2:aa:b8:2c:0a:9e:3a",
            "id": "my-key-terraform",
            "name": "my-key-terraform",
            "private_key": "",
            "public_key": "ssh-rsa AAAAB3NzaC1yc2EAAAADAQABAAABAQC1drfjMjjSuwOzecINK3re3+yuf82G7DXp49Qf+BS9LiKB063hs8hhlhzuWO48lc8Ou2B07iUMVws/YhcYrB3eb8m3jRWfQIfhCOP41nyy35hKlLifomTOabiDbvsYw8fjvPS5EEWhbNDzKiMVyf0MXPF3hU6uWNfn3snjfHlOmzqa8Mriv8duJabk7iaIevlKdyQ1VV8IUjvT/WAYozcPvCY7viUeDVQ0/fh2LEw9Go2Beakp2GxTBf4AWonowYwpQdgDm+DoKe0nsVQ9Q4cbDE4leH1dSfyov5IldsZcdNmAodnb2HcJVqO0s2Qod3f5KN9fianZVsDjXzNLWmqR root@DESKTOP-ELIN3G3",
            "region": "RegionOne",
            "value_specs": null
          },
          "private": "bnVsbA=="
        }
      ]
    },
    {
      "mode": "managed",
      "type": "openstack_images_image_v2",
      "name": "cirros",
      "provider": "provider.openstack",
      "instances": [
        {
          "schema_version": 0,
          "attributes": {
            "checksum": "443b7623e27ecf03dc9e01ee93f67afe",
            "container_format": "bare",
            "created_at": "2019-09-08T21:50:20Z",
            "disk_format": "qcow2",
            "file": "/v2/images/c2fe89f8-77d9-4853-91c8-72ed6bcb0942/file",
            "id": "c2fe89f8-77d9-4853-91c8-72ed6bcb0942",
            "image_cache_path": "/root/.terraform/image_cache",
            "image_source_url": "http://download.cirros-cloud.net/0.4.0/cirros-0.4.0-x86_64-disk.img",
            "local_file_path": null,
            "metadata": {},
            "min_disk_gb": 0,
            "min_ram_mb": 0,
            "name": "cirrOS",
            "owner": "fd1660cd8b57480c8d10270984683762",
            "properties": {
              "environment": "dev",
              "os_hash_algo": "sha512",
              "os_hash_value": "6513f21e44aa3da349f248188a44bc304a3653a04122d8fb4535423c8e1d14cd6a153f735bb0982e2161b5b5186106570c17a9e58b64dd39390617cd5a350f78"
            },
            "protected": false,
            "region": "RegionOne",
            "schema": "/v2/schemas/image",
            "size_bytes": 12716032,
            "status": "active",
            "tags": [],
            "timeouts": null,
            "update_at": "2019-09-08T21:51:47Z",
            "updated_at": "2019-09-08T21:51:47Z",
            "verify_checksum": true,
            "visibility": "public"
          },
          "private": "eyJlMmJmYjczMC1lY2FhLTExZTYtOGY4OC0zNDM2M2JjN2M0YzAiOnsiY3JlYXRlIjoxODAwMDAwMDAwMDAwfX0="
        }
      ]
    }
  ]
}
